// !$*UTF8*$!
{
	archiveVersion = 1;
	classes = {
	};
	objectVersion = 50;
	objects = {

/* Begin PBXBuildFile section */
		997F9E34220A13DF00B0C318 /* AppDelegate.swift in Sources */ = {isa = PBXBuildFile; fileRef = 997F9E33220A13DF00B0C318 /* AppDelegate.swift */; };
		997F9E36220A13DF00B0C318 /* QuizViewController.swift in Sources */ = {isa = PBXBuildFile; fileRef = 997F9E35220A13DF00B0C318 /* QuizViewController.swift */; };
		997F9E38220A13DF00B0C318 /* ScoreViewController.swift in Sources */ = {isa = PBXBuildFile; fileRef = 997F9E37220A13DF00B0C318 /* ScoreViewController.swift */; };
		997F9E3B220A13DF00B0C318 /* Main.storyboard in Resources */ = {isa = PBXBuildFile; fileRef = 997F9E39220A13DF00B0C318 /* Main.storyboard */; };
		997F9E3D220A13E000B0C318 /* Assets.xcassets in Resources */ = {isa = PBXBuildFile; fileRef = 997F9E3C220A13E000B0C318 /* Assets.xcassets */; };
		997F9E40220A13E000B0C318 /* LaunchScreen.storyboard in Resources */ = {isa = PBXBuildFile; fileRef = 997F9E3E220A13E000B0C318 /* LaunchScreen.storyboard */; };
		99DA06F6220A701100A8B6BE /* QuestionViewController.swift in Sources */ = {isa = PBXBuildFile; fileRef = 99DA06F5220A701100A8B6BE /* QuestionViewController.swift */; };
		A7E4A7232215FEF0007EA508 /* quiz_data.plist in Resources */ = {isa = PBXBuildFile; fileRef = A7E4A7222215FEF0007EA508 /* quiz_data.plist */; };
/* End PBXBuildFile section */

/* Begin PBXFileReference section */
		997F9E30220A13DF00B0C318 /* EmojiQuiz.app */ = {isa = PBXFileReference; explicitFileType = wrapper.application; includeInIndex = 0; path = EmojiQuiz.app; sourceTree = BUILT_PRODUCTS_DIR; };
		997F9E33220A13DF00B0C318 /* AppDelegate.swift */ = {isa = PBXFileReference; lastKnownFileType = sourcecode.swift; path = AppDelegate.swift; sourceTree = "<group>"; };
		997F9E35220A13DF00B0C318 /* QuizViewController.swift */ = {isa = PBXFileReference; lastKnownFileType = sourcecode.swift; path = QuizViewController.swift; sourceTree = "<group>"; };
		997F9E37220A13DF00B0C318 /* ScoreViewController.swift */ = {isa = PBXFileReference; lastKnownFileType = sourcecode.swift; path = ScoreViewController.swift; sourceTree = "<group>"; };
		997F9E3A220A13DF00B0C318 /* Base */ = {isa = PBXFileReference; lastKnownFileType = file.storyboard; name = Base; path = Base.lproj/Main.storyboard; sourceTree = "<group>"; };
		997F9E3C220A13E000B0C318 /* Assets.xcassets */ = {isa = PBXFileReference; lastKnownFileType = folder.assetcatalog; path = Assets.xcassets; sourceTree = "<group>"; };
		997F9E3F220A13E000B0C318 /* Base */ = {isa = PBXFileReference; lastKnownFileType = file.storyboard; name = Base; path = Base.lproj/LaunchScreen.storyboard; sourceTree = "<group>"; };
		997F9E41220A13E000B0C318 /* Info.plist */ = {isa = PBXFileReference; lastKnownFileType = text.plist.xml; path = Info.plist; sourceTree = "<group>"; };
		99DA06F5220A701100A8B6BE /* QuestionViewController.swift */ = {isa = PBXFileReference; lastKnownFileType = sourcecode.swift; path = QuestionViewController.swift; sourceTree = "<group>"; };
		A7E4A7222215FEF0007EA508 /* quiz_data.plist */ = {isa = PBXFileReference; fileEncoding = 4; lastKnownFileType = text.plist.xml; path = quiz_data.plist; sourceTree = "<group>"; };
/* End PBXFileReference section */

/* Begin PBXFrameworksBuildPhase section */
		997F9E2D220A13DF00B0C318 /* Frameworks */ = {
			isa = PBXFrameworksBuildPhase;
			buildActionMask = 2147483647;
			files = (
			);
			runOnlyForDeploymentPostprocessing = 0;
		};
/* End PBXFrameworksBuildPhase section */

/* Begin PBXGroup section */
		997F9E27220A13DF00B0C318 = {
			isa = PBXGroup;
			children = (
				997F9E32220A13DF00B0C318 /* EmojiQuiz */,
				997F9E31220A13DF00B0C318 /* Products */,
			);
			sourceTree = "<group>";
		};
		997F9E31220A13DF00B0C318 /* Products */ = {
			isa = PBXGroup;
			children = (
				997F9E30220A13DF00B0C318 /* EmojiQuiz.app */,
			);
			name = Products;
			sourceTree = "<group>";
		};
		997F9E32220A13DF00B0C318 /* EmojiQuiz */ = {
			isa = PBXGroup;
			children = (
				997F9E33220A13DF00B0C318 /* AppDelegate.swift */,
				997F9E35220A13DF00B0C318 /* QuizViewController.swift */,
				997F9E37220A13DF00B0C318 /* ScoreViewController.swift */,
				997F9E39220A13DF00B0C318 /* Main.storyboard */,
				997F9E3C220A13E000B0C318 /* Assets.xcassets */,
				A7E4A7222215FEF0007EA508 /* quiz_data.plist */,
				997F9E3E220A13E000B0C318 /* LaunchScreen.storyboard */,
				997F9E41220A13E000B0C318 /* Info.plist */,
				99DA06F5220A701100A8B6BE /* QuestionViewController.swift */,
			);
			path = EmojiQuiz;
			sourceTree = "<group>";
		};
/* End PBXGroup section */

/* Begin PBXNativeTarget section */
		997F9E2F220A13DF00B0C318 /* EmojiQuiz */ = {
			isa = PBXNativeTarget;
			buildConfigurationList = 997F9E44220A13E000B0C318 /* Build configuration list for PBXNativeTarget "EmojiQuiz" */;
			buildPhases = (
				997F9E2C220A13DF00B0C318 /* Sources */,
				997F9E2D220A13DF00B0C318 /* Frameworks */,
				997F9E2E220A13DF00B0C318 /* Resources */,
			);
			buildRules = (
			);
			dependencies = (
			);
			name = EmojiQuiz;
			productName = EmojiQuiz;
			productReference = 997F9E30220A13DF00B0C318 /* EmojiQuiz.app */;
			productType = "com.apple.product-type.application";
		};
/* End PBXNativeTarget section */

/* Begin PBXProject section */
		997F9E28220A13DF00B0C318 /* Project object */ = {
			isa = PBXProject;
			attributes = {
				LastSwiftUpdateCheck = 1010;
				LastUpgradeCheck = 1010;
				ORGANIZATIONNAME = "Blanchard, Cai";
				TargetAttributes = {
					997F9E2F220A13DF00B0C318 = {
						CreatedOnToolsVersion = 10.1;
					};
				};
			};
			buildConfigurationList = 997F9E2B220A13DF00B0C318 /* Build configuration list for PBXProject "EmojiQuiz" */;
			compatibilityVersion = "Xcode 9.3";
			developmentRegion = en;
			hasScannedForEncodings = 0;
			knownRegions = (
				en,
				Base,
			);
			mainGroup = 997F9E27220A13DF00B0C318;
			productRefGroup = 997F9E31220A13DF00B0C318 /* Products */;
			projectDirPath = "";
			projectRoot = "";
			targets = (
				997F9E2F220A13DF00B0C318 /* EmojiQuiz */,
			);
		};
/* End PBXProject section */

/* Begin PBXResourcesBuildPhase section */
		997F9E2E220A13DF00B0C318 /* Resources */ = {
			isa = PBXResourcesBuildPhase;
			buildActionMask = 2147483647;
			files = (
				997F9E40220A13E000B0C318 /* LaunchScreen.storyboard in Resources */,
				997F9E3D220A13E000B0C318 /* Assets.xcassets in Resources */,
				997F9E3B220A13DF00B0C318 /* Main.storyboard in Resources */,
				A7E4A7232215FEF0007EA508 /* quiz_data.plist in Resources */,
			);
			runOnlyForDeploymentPostprocessing = 0;
		};
/* End PBXResourcesBuildPhase section */

/* Begin PBXSourcesBuildPhase section */
		997F9E2C220A13DF00B0C318 /* Sources */ = {
			isa = PBXSourcesBuildPhase;
			buildActionMask = 2147483647;
			files = (
				997F9E38220A13DF00B0C318 /* ScoreViewController.swift in Sources */,
				997F9E34220A13DF00B0C318 /* AppDelegate.swift in Sources */,
				99DA06F6220A701100A8B6BE /* QuestionViewController.swift in Sources */,
				997F9E36220A13DF00B0C318 /* QuizViewController.swift in Sources */,
			);
			runOnlyForDeploymentPostprocessing = 0;
		};
/* End PBXSourcesBuildPhase section */

/* Begin PBXVariantGroup section */
		997F9E39220A13DF00B0C318 /* Main.storyboard */ = {
			isa = PBXVariantGroup;
			children = (
				997F9E3A220A13DF00B0C318 /* Base */,
			);
			name = Main.storyboard;
			sourceTree = "<group>";
		};
		997F9E3E220A13E000B0C318 /* LaunchScreen.storyboard */ = {
			isa = PBXVariantGroup;
			children = (
				997F9E3F220A13E000B0C318 /* Base */,
			);
			name = LaunchScreen.storyboard;
			sourceTree = "<group>";
		};
/* End PBXVariantGroup section */

/* Begin XCBuildConfiguration section */
		997F9E42220A13E000B0C318 /* Debug */ = {
			isa = XCBuildConfiguration;
			buildSettings = {
				ALWAYS_SEARCH_USER_PATHS = NO;
				CLANG_ANALYZER_NONNULL = YES;
				CLANG_ANALYZER_NUMBER_OBJECT_CONVERSION = YES_AGGRESSIVE;
				CLANG_CXX_LANGUAGE_STANDARD = "gnu++14";
				CLANG_CXX_LIBRARY = "libc++";
				CLANG_ENABLE_MODULES = YES;
				CLANG_ENABLE_OBJC_ARC = YES;
				CLANG_ENABLE_OBJC_WEAK = YES;
				CLANG_WARN_BLOCK_CAPTURE_AUTORELEASING = YES;
				CLANG_WARN_BOOL_CONVERSION = YES;
				CLANG_WARN_COMMA = YES;
				CLANG_WARN_CONSTANT_CONVERSION = YES;
				CLANG_WARN_DEPRECATED_OBJC_IMPLEMENTATIONS = YES;
				CLANG_WARN_DIRECT_OBJC_ISA_USAGE = YES_ERROR;
				CLANG_WARN_DOCUMENTATION_COMMENTS = YES;
				CLANG_WARN_EMPTY_BODY = YES;
				CLANG_WARN_ENUM_CONVERSION = YES;
				CLANG_WARN_INFINITE_RECURSION = YES;
				CLANG_WARN_INT_CONVERSION = YES;
				CLANG_WARN_NON_LITERAL_NULL_CONVERSION = YES;
				CLANG_WARN_OBJC_IMPLICIT_RETAIN_SELF = YES;
				CLANG_WARN_OBJC_LITERAL_CONVERSION = YES;
				CLANG_WARN_OBJC_ROOT_CLASS = YES_ERROR;
				CLANG_WARN_RANGE_LOOP_ANALYSIS = YES;
				CLANG_WARN_STRICT_PROTOTYPES = YES;
				CLANG_WARN_SUSPICIOUS_MOVE = YES;
				CLANG_WARN_UNGUARDED_AVAILABILITY = YES_AGGRESSIVE;
				CLANG_WARN_UNREACHABLE_CODE = YES;
				CLANG_WARN__DUPLICATE_METHOD_MATCH = YES;
				CODE_SIGN_IDENTITY = "iPhone Developer";
				COPY_PHASE_STRIP = NO;
				DEBUG_INFORMATION_FORMAT = dwarf;
				ENABLE_STRICT_OBJC_MSGSEND = YES;
				ENABLE_TESTABILITY = YES;
				GCC_C_LANGUAGE_STANDARD = gnu11;
				GCC_DYNAMIC_NO_PIC = NO;
				GCC_NO_COMMON_BLOCKS = YES;
				GCC_OPTIMIZATION_LEVEL = 0;
				GCC_PREPROCESSOR_DEFINITIONS = (
					"DEBUG=1",
					"$(inherited)",
				);
				GCC_WARN_64_TO_32_BIT_CONVERSION = YES;
				GCC_WARN_ABOUT_RETURN_TYPE = YES_ERROR;
				GCC_WARN_UNDECLARED_SELECTOR = YES;
				GCC_WARN_UNINITIALIZED_AUTOS = YES_AGGRESSIVE;
				GCC_WARN_UNUSED_FUNCTION = YES;
				GCC_WARN_UNUSED_VARIABLE = YES;
				IPHONEOS_DEPLOYMENT_TARGET = 12.1;
				MTL_ENABLE_DEBUG_INFO = INCLUDE_SOURCE;
				MTL_FAST_MATH = YES;
				ONLY_ACTIVE_ARCH = YES;
				SDKROOT = iphoneos;
				SWIFT_ACTIVE_COMPILATION_CONDITIONS = DEBUG;
				SWIFT_OPTIMIZATION_LEVEL = "-Onone";
			};
			name = Debug;
		};
		997F9E43220A13E000B0C318 /* Release */ = {
			isa = XCBuildConfiguration;
			buildSettings = {
				ALWAYS_SEARCH_USER_PATHS = NO;
				CLANG_ANALYZER_NONNULL = YES;
				CLANG_ANALYZER_NUMBER_OBJECT_CONVERSION = YES_AGGRESSIVE;
				CLANG_CXX_LANGUAGE_STANDARD = "gnu++14";
				CLANG_CXX_LIBRARY = "libc++";
				CLANG_ENABLE_MODULES = YES;
				CLANG_ENABLE_OBJC_ARC = YES;
				CLANG_ENABLE_OBJC_WEAK = YES;
				CLANG_WARN_BLOCK_CAPTURE_AUTORELEASING = YES;
				CLANG_WARN_BOOL_CONVERSION = YES;
				CLANG_WARN_COMMA = YES;
				CLANG_WARN_CONSTANT_CONVERSION = YES;
				CLANG_WARN_DEPRECATED_OBJC_IMPLEMENTATIONS = YES;
				CLANG_WARN_DIRECT_OBJC_ISA_USAGE = YES_ERROR;
				CLANG_WARN_DOCUMENTATION_COMMENTS = YES;
				CLANG_WARN_EMPTY_BODY = YES;
				CLANG_WARN_ENUM_CONVERSION = YES;
				CLANG_WARN_INFINITE_RECURSION = YES;
				CLANG_WARN_INT_CONVERSION = YES;
				CLANG_WARN_NON_LITERAL_NULL_CONVERSION = YES;
				CLANG_WARN_OBJC_IMPLICIT_RETAIN_SELF = YES;
				CLANG_WARN_OBJC_LITERAL_CONVERSION = YES;
				CLANG_WARN_OBJC_ROOT_CLASS = YES_ERROR;
				CLANG_WARN_RANGE_LOOP_ANALYSIS = YES;
				CLANG_WARN_STRICT_PROTOTYPES = YES;
				CLANG_WARN_SUSPICIOUS_MOVE = YES;
				CLANG_WARN_UNGUARDED_AVAILABILITY = YES_AGGRESSIVE;
				CLANG_WARN_UNREACHABLE_CODE = YES;
				CLANG_WARN__DUPLICATE_METHOD_MATCH = YES;
				CODE_SIGN_IDENTITY = "iPhone Developer";
				COPY_PHASE_STRIP = NO;
				DEBUG_INFORMATION_FORMAT = "dwarf-with-dsym";
				ENABLE_NS_ASSERTIONS = NO;
				ENABLE_STRICT_OBJC_MSGSEND = YES;
				GCC_C_LANGUAGE_STANDARD = gnu11;
				GCC_NO_COMMON_BLOCKS = YES;
				GCC_WARN_64_TO_32_BIT_CONVERSION = YES;
				GCC_WARN_ABOUT_RETURN_TYPE = YES_ERROR;
				GCC_WARN_UNDECLARED_SELECTOR = YES;
				GCC_WARN_UNINITIALIZED_AUTOS = YES_AGGRESSIVE;
				GCC_WARN_UNUSED_FUNCTION = YES;
				GCC_WARN_UNUSED_VARIABLE = YES;
				IPHONEOS_DEPLOYMENT_TARGET = 12.1;
				MTL_ENABLE_DEBUG_INFO = NO;
				MTL_FAST_MATH = YES;
				SDKROOT = iphoneos;
				SWIFT_COMPILATION_MODE = wholemodule;
				SWIFT_OPTIMIZATION_LEVEL = "-O";
				VALIDATE_PRODUCT = YES;
			};
			name = Release;
		};
		997F9E45220A13E000B0C318 /* Debug */ = {
			isa = XCBuildConfiguration;
			buildSettings = {
				ASSETCATALOG_COMPILER_APPICON_NAME = AppIcon;
				CODE_SIGN_STYLE = Automatic;
				INFOPLIST_FILE = EmojiQuiz/Info.plist;
				LD_RUNPATH_SEARCH_PATHS = (
					"$(inherited)",
					"@executable_path/Frameworks",
				);
				PRODUCT_BUNDLE_IDENTIFIER = yes.EmojiQuiz;
				PRODUCT_NAME = "$(TARGET_NAME)";
				SWIFT_VERSION = 4.2;
				TARGETED_DEVICE_FAMILY = "1,2";
			};
			name = Debug;
		};
		997F9E46220A13E000B0C318 /* Release */ = {
			isa = XCBuildConfiguration;
			buildSettings = {
				ASSETCATALOG_COMPILER_APPICON_NAME = AppIcon;
				CODE_SIGN_STYLE = Automatic;
				INFOPLIST_FILE = EmojiQuiz/Info.plist;
				LD_RUNPATH_SEARCH_PATHS = (
					"$(inherited)",
					"@executable_path/Frameworks",
				);
				PRODUCT_BUNDLE_IDENTIFIER = yes.EmojiQuiz;
				PRODUCT_NAME = "$(TARGET_NAME)";
				SWIFT_VERSION = 4.2;
				TARGETED_DEVICE_FAMILY = "1,2";
			};
			name = Release;
		};
/* End XCBuildConfiguration section */

/* Begin XCConfigurationList section */
		997F9E2B220A13DF00B0C318 /* Build configuration list for PBXProject "EmojiQuiz" */ = {
			isa = XCConfigurationList;
			buildConfigurations = (
				997F9E42220A13E000B0C318 /* Debug */,
				997F9E43220A13E000B0C318 /* Release */,
			);
			defaultConfigurationIsVisible = 0;
			defaultConfigurationName = Release;
		};
		997F9E44220A13E000B0C318 /* Build configuration list for PBXNativeTarget "EmojiQuiz" */ = {
			isa = XCConfigurationList;
			buildConfigurations = (
				997F9E45220A13E000B0C318 /* Debug */,
				997F9E46220A13E000B0C318 /* Release */,
			);
			defaultConfigurationIsVisible = 0;
			defaultConfigurationName = Release;
		};
/* End XCConfigurationList section */
	};
	rootObject = 997F9E28220A13DF00B0C318 /* Project object */;
}
